# THIS IS AN AUTOGENERATED FILE. DO NOT EDIT THIS FILE DIRECTLY.
# yarn lockfile v1


"@types/ramda@0.27.14":
  version "0.27.14"
  resolved "https://registry.yarnpkg.com/@types/ramda/-/ramda-0.27.14.tgz#95f5f676ebdff89cbc7ded8cd011911fa6854daf"
  integrity sha512-vbw/VAtEJeSJ6Z61QT+epirlnBeJiJIO7ndK1BJ0fKswnfbiTNga/jBG6R3OnBaFYx+UJv6Iv7ZfWDFSsSzNqA==
  dependencies:
    ts-toolbelt "^6.3.3"

"rambda@https://github.com/selfrefactor/rambda#5.6.0":
  version "5.6.0"
  resolved "https://github.com/selfrefactor/rambda#77862b4a0371f9ddfebd28498e2bf91d97d02d47"

"rambdax@https://github.com/selfrefactor/rambdax#4.0.0":
  version "3.7.0"
  resolved "https://github.com/selfrefactor/rambdax#e3f0386c11f3c600b98365aa39b177ca5f42111b"

ramda@0.27.1:
  version "0.27.1"
  resolved "https://registry.yarnpkg.com/ramda/-/ramda-0.27.1.tgz#66fc2df3ef873874ffc2da6aa8984658abacf5c9"
  integrity sha512-PgIdVpn5y5Yns8vqb8FzBUEYn98V3xcPgawAkkgj0YJ0qDsnHCiNmZYfOGMgOvoB0eWFLpYbhxUR3mxfDIMvpw==

ts-toolbelt@^6.3.3:
  version "6.9.4"
  resolved "https://registry.yarnpkg.com/ts-toolbelt/-/ts-toolbelt-6.9.4.tgz#cc3a070d99c557c552b4f69e36f13d430c47a760"
  integrity sha512-muRZZqfOTOVvLk5cdnp7YWm6xX+kD/WL2cS/L4zximBRcbQSuMoTbQQ2ZZBVMs1gB0EZw1qThP+HrIQB35OmEw==

typescript@4.0.0-dev.20200530:
  version "4.0.0-dev.20200530"
  resolved "https://registry.yarnpkg.com/typescript/-/typescript-4.0.0-dev.20200530.tgz#1e4bb80031ebac4c418dd97134651fef3154fd27"
  integrity sha512-4NeVeGEF0Uegn4LyLF3fuCv7N1jeBcdKhLTN+dRkdSJ2ElkBC47N6Vl+RhIWL4S2eoWXwu2MjxuW9e9BRAJH/A==
